{
  "lockfileVersion": 1,
  "workspaces": {
    "": {
      "name": "detach-runtime",
      "dependencies": {
        "@composio/core": "0.13.1",
      },
      "devDependencies": {
        "@types/bun": "latest",
      },
      "peerDependencies": {
        "typescript": "^5",
      },
    },
  },
  "packages": {
    "@composio/client": ["@composio/client@0.1.0-alpha.74", "", {}, "sha512-/EHJsFxCpWfRxNvXURRrGVZfJSltSpN4Gkd9M9Cl5gPOirG+NpbXf2B8d4B72H87m7cnOguMKjOH42ogQ84/Ww=="],

    "@composio/core": ["@composio/core@0.13.1", "", { "dependencies": { "@composio/client": "0.1.0-alpha.74", "@composio/json-schema-to-zod": "0.2.0", "@types/json-schema": "^7.0.15", "openai": "^6.42.0", "picocolors": "^1.1.1", "pusher-js": "^8.5.0", "semver": "^7.8.4", "zod-to-json-schema": "^3.25.2" }, "peerDependencies": { "zod": "^3.25 || ^4" } }, "sha512-bC64PJG3RBeuezihfZV/9qJMd1LyzUEFN1tVHTWh32n/muUMr5I33nN6Mezhtkl4+ffBJ8IZ/mNt9tEQKFB/sw=="],

    "@composio/json-schema-to-zod": ["@composio/json-schema-to-zod@0.2.0", "", { "peerDependencies": { "zod": ">=3.25.76 <5" } }, "sha512-P7ym7+1NCN2cDVlSOGTINY6KjZ/d162uc+0LChYcy3d5RAAacgHiGU7ZJF+5pUJHbIivsfAC/4PdjVdsfmHdeA=="],

    "@types/bun": ["@types/bun@1.3.14", "", { "dependencies": { "bun-types": "1.3.14" } }, "sha512-h1hFqFVcvAvD9j9K7ZW7vd82aSA+rTdznZa+5bwvCwqSB1jmmfLcbIWhOLx1/+boy/xmjgCs/OMUL8hRJSmnPw=="],

    "@types/json-schema": ["@types/json-schema@7.0.15", "", {}, "sha512-5+fP8P8MFNC+AyZCDxrB2pkZFPGzqQWUzpSeuuVLvm8VMcorNYavBqoFcxK8bQz4Qsbn4oUEEem4wDLfcysGHA=="],

    "@types/node": ["@types/node@26.1.0", "", { "dependencies": { "undici-types": "~8.3.0" } }, "sha512-O0A1G3xPGy4w7AgQdAQYUlQ+BKk2Oovw8eRpofyp5KdBZULnbe+WqaOVNrm705SHphCiG4XHsACrSmPu1f+Kgw=="],

    "bun-types": ["bun-types@1.3.14", "", { "dependencies": { "@types/node": "*" } }, "sha512-4N0ig0fEomHt5R0KCFWjovxow98rIoRwKolrYdCcknNwMekCXRnWEUvgu5soYV8QXtVsrUD8B95MBOZGPvr6KQ=="],

    "openai": ["openai@6.46.0", "", { "peerDependencies": { "@aws-sdk/credential-provider-node": ">=3.972.0 <4", "@smithy/hash-node": ">=4.3.0 <5", "@smithy/signature-v4": ">=5.4.0 <6", "ws": "^8.18.0", "zod": "^3.25 || ^4.0" }, "optionalPeers": ["@aws-sdk/credential-provider-node", "@smithy/hash-node", "@smithy/signature-v4", "ws", "zod"] }, "sha512-DFg6jEPT2RO+oAyXtddeUJU8zkGy1OQ1AjGzNIJUMQG03TTqvCpy9tBpQ+2VVVnvrl3E56F8GEin2JYtWpITtA=="],

    "picocolors": ["picocolors@1.1.1", "", {}, "sha512-xceH2snhtb5M9liqDsmEw56le376mTZkEX/jEb/RxNFyegNul7eNslCXP9FDj/Lcu0X8KEyMceP2ntpaHrDEVA=="],

    "pusher-js": ["pusher-js@8.5.0", "", { "dependencies": { "tweetnacl": "^1.0.3" } }, "sha512-V7uzGi9bqOOOyM/6IkJdpFyjGZj7llz1v0oWnYkZKcYLvbz6VcHVLmzKqkvegjuMumpfIEKGLmWHwFb39XFCpw=="],

    "semver": ["semver@7.8.5", "", { "bin": { "semver": "bin/semver.js" } }, "sha512-Y7/KDsb8LjooZpwaqGyulO6DQlksgCncchHGk+sZIY4SBvUocMBEFH5Ur1fI4dV+Jvl0w6cjvucaIi40puRioA=="],

    "tweetnacl": ["tweetnacl@1.0.3", "", {}, "sha512-6rt+RN7aOi1nGMyC4Xa5DdYiukl2UWCbcJft7YhxReBGQD7OAM8Pbxw6YMo4r2diNEA8FEmu32YOn9rhaiE5yw=="],

    "typescript": ["typescript@5.9.3", "", { "bin": { "tsc": "bin/tsc", "tsserver": "bin/tsserver" } }, "sha512-jl1vZzPDinLr9eUt3J/t7V6FgNEw9QjvBPdysz9KfQDD41fQrC2Y4vKQdiaUpFT4bXlb1RHhLpp8wtm6M5TgSw=="],

    "undici-types": ["undici-types@8.3.0", "", {}, "sha512-j375ScV60dom+YkPFIfTLcOiPxkN/buHz5GobjLhixFuANaNs3C9l4GmrWqejgXWJ7BbJcFYpTEUkS1Ge8bpZQ=="],

    "zod": ["zod@4.4.3", "", {}, "sha512-ytENFjIJFl2UwYglde2jchW2Hwm4GJFLDiSXWdTrJQBIN9Fcyp7n4DhxJEiWNAJMV1/BqWfW/kkg71UDcHJyTQ=="],

    "zod-to-json-schema": ["zod-to-json-schema@3.25.2", "", { "peerDependencies": { "zod": "^3.25.28 || ^4" } }, "sha512-O/PgfnpT1xKSDeQYSCfRI5Gy3hPf91mKVDuYLUHZJMiDFptvP41MSnWofm8dnCm0256ZNfZIM7DSzuSMAFnjHA=="],
  }
}
