// !$*UTF8*$!
{
	archiveVersion = 1;
	classes = {
	};
	objectVersion = 77;
	objects = {

/* Begin PBXBuildFile section */
		A10000000000000000000001 /* FinderSync.swift in Sources */ = {isa = PBXBuildFile; fileRef = A10000000000000000000006 /* FinderSync.swift */; };
		A10000000000000000000002 /* FinderSync.framework in Frameworks */ = {isa = PBXBuildFile; fileRef = A10000000000000000000009 /* FinderSync.framework */; };
		A10000000000000000000003 /* Detach Finder Extension.appex in Embed App Extensions */ = {isa = PBXBuildFile; fileRef = A10000000000000000000005 /* Detach Finder Extension.appex */; settings = {ATTRIBUTES = (CodeSignOnCopy, RemoveHeadersOnCopy, ); }; };
		A10000000000000000000013 /* FinderSync.framework in Frameworks */ = {isa = PBXBuildFile; fileRef = A10000000000000000000009 /* FinderSync.framework */; };
		A10000000000000000000015 /* FinderQuickActionCatalog.swift in Sources */ = {isa = PBXBuildFile; fileRef = A10000000000000000000014 /* FinderQuickActionCatalog.swift */; };
		A10000000000000000000016 /* FinderQuickActionCatalog.swift in Sources */ = {isa = PBXBuildFile; fileRef = A10000000000000000000014 /* FinderQuickActionCatalog.swift */; };
		F000F4192EFA6D0200FB9D42 /* Supabase in Frameworks */ = {isa = PBXBuildFile; productRef = F000F4182EFA6D0200FB9D42 /* Supabase */; };
		F00C73582EED1EDD008F30AE /* MarkdownUI in Frameworks */ = {isa = PBXBuildFile; productRef = F00C73572EED1EDD008F30AE /* MarkdownUI */; };
		F020BDBD2F03D1CC009B02B3 /* Sparkle in Frameworks */ = {isa = PBXBuildFile; productRef = F020BDBC2F03D1CC009B02B3 /* Sparkle */; };
		F10000000000000000000004 /* WhisperKit in Frameworks */ = {isa = PBXBuildFile; productRef = F10000000000000000000003 /* WhisperKit */; };
		F07367C52F2F431200EA9FBD /* Realtime in Frameworks */ = {isa = PBXBuildFile; productRef = F07367C42F2F431200EA9FBD /* Realtime */; };
		F0B25E592EFA6054006069CD /* Auth in Frameworks */ = {isa = PBXBuildFile; productRef = F0B25E582EFA6054006069CD /* Auth */; };
		F0FE06E22EF7FEAF006C04D2 /* SDWebImageSVGCoder in Frameworks */ = {isa = PBXBuildFile; productRef = F0FE06E12EF7FEAF006C04D2 /* SDWebImageSVGCoder */; };
		F0FE06E52EF7FEC9006C04D2 /* SDWebImageSwiftUI in Frameworks */ = {isa = PBXBuildFile; productRef = F0FE06E42EF7FEC9006C04D2 /* SDWebImageSwiftUI */; };
/* End PBXBuildFile section */

/* Begin PBXContainerItemProxy section */
		A10000000000000000000004 /* PBXContainerItemProxy */ = {
			isa = PBXContainerItemProxy;
			containerPortal = F036A8E92EE2E5BA008B2707 /* Project object */;
			proxyType = 1;
			remoteGlobalIDString = A1000000000000000000000C;
			remoteInfo = "Detach Finder Extension";
		};
/* End PBXContainerItemProxy section */

/* Begin PBXCopyFilesBuildPhase section */
		F0A5CDC72EEAF33100EDCCE8 /* Embed App Extensions */ = {
			isa = PBXCopyFilesBuildPhase;
			buildActionMask = 2147483647;
			dstPath = "";
			dstSubfolderSpec = 13;
			files = (
				A10000000000000000000003 /* Detach Finder Extension.appex in Embed App Extensions */,
			);
			name = "Embed App Extensions";
			runOnlyForDeploymentPostprocessing = 0;
		};
/* End PBXCopyFilesBuildPhase section */

/* Begin PBXFileReference section */
		A10000000000000000000005 /* Detach Finder Extension.appex */ = {isa = PBXFileReference; explicitFileType = "wrapper.app-extension"; includeInIndex = 0; path = "Detach Finder Extension.appex"; sourceTree = BUILT_PRODUCTS_DIR; };
		A10000000000000000000006 /* FinderSync.swift */ = {isa = PBXFileReference; lastKnownFileType = sourcecode.swift; path = FinderSync.swift; sourceTree = "<group>"; };
		A10000000000000000000007 /* Info.plist */ = {isa = PBXFileReference; lastKnownFileType = text.plist.xml; path = Info.plist; sourceTree = "<group>"; };
		A10000000000000000000008 /* FinderExtension.entitlements */ = {isa = PBXFileReference; lastKnownFileType = text.plist.entitlements; path = FinderExtension.entitlements; sourceTree = "<group>"; };
		A10000000000000000000009 /* FinderSync.framework */ = {isa = PBXFileReference; lastKnownFileType = wrapper.framework; name = FinderSync.framework; path = System/Library/Frameworks/FinderSync.framework; sourceTree = SDKROOT; };
		A10000000000000000000014 /* FinderQuickActionCatalog.swift */ = {isa = PBXFileReference; lastKnownFileType = sourcecode.swift; path = FinderQuickActionCatalog.swift; sourceTree = "<group>"; };
		F036A8F12EE2E5BA008B2707 /* Detach.app */ = {isa = PBXFileReference; explicitFileType = wrapper.application; includeInIndex = 0; path = Detach.app; sourceTree = BUILT_PRODUCTS_DIR; };
/* End PBXFileReference section */

/* Begin PBXFileSystemSynchronizedBuildFileExceptionSet section */
		F00C73532EED1B56008F30AE /* Exceptions for "lazzy" folder in "detach" target */ = {
			isa = PBXFileSystemSynchronizedBuildFileExceptionSet;
			membershipExceptions = (
				Info.plist,
			);
			target = F036A8F02EE2E5BA008B2707 /* detach */;
		};
/* End PBXFileSystemSynchronizedBuildFileExceptionSet section */

/* Begin PBXFileSystemSynchronizedRootGroup section */
		F036A8F32EE2E5BA008B2707 /* lazzy */ = {
			isa = PBXFileSystemSynchronizedRootGroup;
			exceptions = (
				F00C73532EED1B56008F30AE /* Exceptions for "lazzy" folder in "detach" target */,
			);
			path = lazzy;
			sourceTree = "<group>";
		};
/* End PBXFileSystemSynchronizedRootGroup section */

/* Begin PBXFrameworksBuildPhase section */
		A1000000000000000000000A /* Frameworks */ = {
			isa = PBXFrameworksBuildPhase;
			buildActionMask = 2147483647;
			files = (
				A10000000000000000000002 /* FinderSync.framework in Frameworks */,
			);
			runOnlyForDeploymentPostprocessing = 0;
		};
		F036A8EE2EE2E5BA008B2707 /* Frameworks */ = {
			isa = PBXFrameworksBuildPhase;
			buildActionMask = 2147483647;
			files = (
				A10000000000000000000013 /* FinderSync.framework in Frameworks */,
				F07367C52F2F431200EA9FBD /* Realtime in Frameworks */,
				F000F4192EFA6D0200FB9D42 /* Supabase in Frameworks */,
				F0FE06E52EF7FEC9006C04D2 /* SDWebImageSwiftUI in Frameworks */,
				F00C73582EED1EDD008F30AE /* MarkdownUI in Frameworks */,
				F020BDBD2F03D1CC009B02B3 /* Sparkle in Frameworks */,
				F0B25E592EFA6054006069CD /* Auth in Frameworks */,
				F0FE06E22EF7FEAF006C04D2 /* SDWebImageSVGCoder in Frameworks */,
				F10000000000000000000004 /* WhisperKit in Frameworks */,
			);
			runOnlyForDeploymentPostprocessing = 0;
		};
/* End PBXFrameworksBuildPhase section */

/* Begin PBXGroup section */
		A1000000000000000000000B /* FinderExtension */ = {
			isa = PBXGroup;
			children = (
				A10000000000000000000006 /* FinderSync.swift */,
				A10000000000000000000007 /* Info.plist */,
				A10000000000000000000008 /* FinderExtension.entitlements */,
			);
			path = FinderExtension;
			sourceTree = "<group>";
		};
		A10000000000000000000017 /* Shared */ = {
			isa = PBXGroup;
			children = (
				A10000000000000000000014 /* FinderQuickActionCatalog.swift */,
			);
			path = Shared;
			sourceTree = "<group>";
		};
		F036A8E82EE2E5BA008B2707 = {
			isa = PBXGroup;
			children = (
				F036A8F32EE2E5BA008B2707 /* lazzy */,
				A1000000000000000000000B /* FinderExtension */,
				A10000000000000000000017 /* Shared */,
				A10000000000000000000009 /* FinderSync.framework */,
				F036A8F22EE2E5BA008B2707 /* Products */,
			);
			sourceTree = "<group>";
		};
		F036A8F22EE2E5BA008B2707 /* Products */ = {
			isa = PBXGroup;
			children = (
				F036A8F12EE2E5BA008B2707 /* Detach.app */,
				A10000000000000000000005 /* Detach Finder Extension.appex */,
			);
			name = Products;
			sourceTree = "<group>";
		};
/* End PBXGroup section */

/* Begin PBXNativeTarget section */
		A1000000000000000000000C /* Detach Finder Extension */ = {
			isa = PBXNativeTarget;
			buildConfigurationList = A10000000000000000000012 /* Build configuration list for PBXNativeTarget "Detach Finder Extension" */;
			buildPhases = (
				A1000000000000000000000D /* Sources */,
				A1000000000000000000000A /* Frameworks */,
				A1000000000000000000000E /* Resources */,
			);
			buildRules = (
			);
			dependencies = (
			);
			name = "Detach Finder Extension";
			packageProductDependencies = (
			);
			productName = "Detach Finder Extension";
			productReference = A10000000000000000000005 /* Detach Finder Extension.appex */;
			productType = "com.apple.product-type.app-extension";
		};
		F036A8F02EE2E5BA008B2707 /* detach */ = {
			isa = PBXNativeTarget;
			buildConfigurationList = F036A9012EE2E5BB008B2707 /* Build configuration list for PBXNativeTarget "detach" */;
			buildPhases = (
				F036A8ED2EE2E5BA008B2707 /* Sources */,
				F036A8EE2EE2E5BA008B2707 /* Frameworks */,
				A30000000000000000000001 /* Build Bundled Runtime */,
				F036A8EF2EE2E5BA008B2707 /* Resources */,
				A20000000000000000000001 /* Sign Bundled OpenCode */,
				F0A5CDC72EEAF33100EDCCE8 /* Embed App Extensions */,
			);
			buildRules = (
			);
			dependencies = (
				A1000000000000000000000F /* PBXTargetDependency */,
			);
			fileSystemSynchronizedGroups = (
				F036A8F32EE2E5BA008B2707 /* lazzy */,
			);
			name = detach;
			packageProductDependencies = (
				F00C73572EED1EDD008F30AE /* MarkdownUI */,
				F0FE06E12EF7FEAF006C04D2 /* SDWebImageSVGCoder */,
				F0FE06E42EF7FEC9006C04D2 /* SDWebImageSwiftUI */,
				F0B25E582EFA6054006069CD /* Auth */,
				F000F4182EFA6D0200FB9D42 /* Supabase */,
				F020BDBC2F03D1CC009B02B3 /* Sparkle */,
				F07367C42F2F431200EA9FBD /* Realtime */,
				F10000000000000000000003 /* WhisperKit */,
			);
			productName = Detach;
			productReference = F036A8F12EE2E5BA008B2707 /* Detach.app */;
			productType = "com.apple.product-type.application";
		};
/* End PBXNativeTarget section */

/* Begin PBXProject section */
		F036A8E92EE2E5BA008B2707 /* Project object */ = {
			isa = PBXProject;
			attributes = {
				BuildIndependentTargetsInParallel = 1;
				LastSwiftUpdateCheck = 2610;
				LastUpgradeCheck = 2610;
				TargetAttributes = {
					A1000000000000000000000C = {
						CreatedOnToolsVersion = 26.1.1;
					};
					F036A8F02EE2E5BA008B2707 = {
						CreatedOnToolsVersion = 26.1.1;
					};
				};
			};
			buildConfigurationList = F036A8EC2EE2E5BA008B2707 /* Build configuration list for PBXProject "detach" */;
			developmentRegion = en;
			hasScannedForEncodings = 0;
			knownRegions = (
				en,
				Base,
			);
			mainGroup = F036A8E82EE2E5BA008B2707;
			minimizedProjectReferenceProxies = 1;
			packageReferences = (
				F00C73562EED1EDD008F30AE /* XCRemoteSwiftPackageReference "swift-markdown-ui" */,
				F0FE06E02EF7FEAF006C04D2 /* XCRemoteSwiftPackageReference "SDWebImageSVGCoder" */,
				F0FE06E32EF7FEC9006C04D2 /* XCRemoteSwiftPackageReference "SDWebImageSwiftUI" */,
				F0B25E572EFA6054006069CD /* XCRemoteSwiftPackageReference "supabase-swift" */,
				F020BDBB2F03D1CC009B02B3 /* XCRemoteSwiftPackageReference "Sparkle" */,
				F10000000000000000000001 /* XCRemoteSwiftPackageReference "argmax-oss-swift" */,
			);
			preferredProjectObjectVersion = 77;
			productRefGroup = F036A8F22EE2E5BA008B2707 /* Products */;
			projectDirPath = "";
			projectRoot = "";
			targets = (
				F036A8F02EE2E5BA008B2707 /* detach */,
				A1000000000000000000000C /* Detach Finder Extension */,
			);
		};
/* End PBXProject section */

/* Begin PBXResourcesBuildPhase section */
		A1000000000000000000000E /* Resources */ = {
			isa = PBXResourcesBuildPhase;
			buildActionMask = 2147483647;
			files = (
			);
			runOnlyForDeploymentPostprocessing = 0;
		};
		F036A8EF2EE2E5BA008B2707 /* Resources */ = {
			isa = PBXResourcesBuildPhase;
			buildActionMask = 2147483647;
			files = (
			);
			runOnlyForDeploymentPostprocessing = 0;
		};
/* End PBXResourcesBuildPhase section */

/* Begin PBXShellScriptBuildPhase section */
		A30000000000000000000001 /* Build Bundled Runtime */ = {
			isa = PBXShellScriptBuildPhase;
			alwaysOutOfDate = 1;
			buildActionMask = 2147483647;
			files = (
			);
			inputPaths = (
			);
			name = "Build Bundled Runtime";
			outputPaths = (
			);
			runOnlyForDeploymentPostprocessing = 0;
			shellPath = /bin/sh;
			shellScript = "if [ \"${CONFIGURATION}\" = \"Debug\" ]; then\n  set -eu\n  cd \"${SRCROOT}/server-v2\"\n  /usr/bin/env bun run build\n  /usr/bin/ditto \"${SRCROOT}/server-v2/detach-runtime\" \"${SRCROOT}/lazzy/detach-runtime\"\n  /bin/mkdir -p \"${TARGET_BUILD_DIR}/${UNLOCALIZED_RESOURCES_FOLDER_PATH}\"\n  /usr/bin/ditto \"${SRCROOT}/server-v2/detach-runtime\" \"${TARGET_BUILD_DIR}/${UNLOCALIZED_RESOURCES_FOLDER_PATH}/detach-runtime\"\nfi\n";
		};
		A20000000000000000000001 /* Sign Bundled OpenCode */ = {
			isa = PBXShellScriptBuildPhase;
			alwaysOutOfDate = 1;
			buildActionMask = 2147483647;
			files = (
			);
			inputPaths = (
			);
			name = "Sign Bundled OpenCode";
			outputPaths = (
			);
			runOnlyForDeploymentPostprocessing = 0;
			shellPath = /bin/sh;
			shellScript = "OPENCODE_PATH=\"${TARGET_BUILD_DIR}/${UNLOCALIZED_RESOURCES_FOLDER_PATH}/opencode\"\nif [ -f \"$OPENCODE_PATH\" ] && [ \"${CODE_SIGNING_ALLOWED:-YES}\" != \"NO\" ] && [ -n \"${EXPANDED_CODE_SIGN_IDENTITY:-}\" ]; then\n  /bin/chmod 755 \"$OPENCODE_PATH\"\n  /usr/bin/codesign --force --options runtime --timestamp --sign \"$EXPANDED_CODE_SIGN_IDENTITY\" \"$OPENCODE_PATH\"\nfi\n";
		};
/* End PBXShellScriptBuildPhase section */

/* Begin PBXSourcesBuildPhase section */
		A1000000000000000000000D /* Sources */ = {
			isa = PBXSourcesBuildPhase;
			buildActionMask = 2147483647;
			files = (
				A10000000000000000000001 /* FinderSync.swift in Sources */,
				A10000000000000000000016 /* FinderQuickActionCatalog.swift in Sources */,
			);
			runOnlyForDeploymentPostprocessing = 0;
		};
		F036A8ED2EE2E5BA008B2707 /* Sources */ = {
			isa = PBXSourcesBuildPhase;
			buildActionMask = 2147483647;
			files = (
				A10000000000000000000015 /* FinderQuickActionCatalog.swift in Sources */,
			);
			runOnlyForDeploymentPostprocessing = 0;
		};
/* End PBXSourcesBuildPhase section */

/* Begin PBXTargetDependency section */
		A1000000000000000000000F /* PBXTargetDependency */ = {
			isa = PBXTargetDependency;
			target = A1000000000000000000000C /* Detach Finder Extension */;
			targetProxy = A10000000000000000000004 /* PBXContainerItemProxy */;
		};
/* End PBXTargetDependency section */

/* Begin XCBuildConfiguration section */
		A10000000000000000000010 /* Debug */ = {
			isa = XCBuildConfiguration;
			buildSettings = {
				APPLICATION_EXTENSION_API_ONLY = YES;
				AUTOMATION_APPLE_EVENTS = NO;
				CODE_SIGN_ENTITLEMENTS = FinderExtension/FinderExtension.entitlements;
				CODE_SIGN_STYLE = Automatic;
				CURRENT_PROJECT_VERSION = 7;
				DEVELOPMENT_TEAM = RZJT39VU7M;
				ENABLE_APP_SANDBOX = YES;
				ENABLE_HARDENED_RUNTIME = YES;
				ENABLE_RESOURCE_ACCESS_AUDIO_INPUT = NO;
				ENABLE_RESOURCE_ACCESS_CALENDARS = NO;
				ENABLE_RESOURCE_ACCESS_CAMERA = NO;
				ENABLE_RESOURCE_ACCESS_CONTACTS = NO;
				ENABLE_RESOURCE_ACCESS_LOCATION = NO;
				ENABLE_RESOURCE_ACCESS_PHOTO_LIBRARY = NO;
				GENERATE_INFOPLIST_FILE = YES;
				INFOPLIST_FILE = FinderExtension/Info.plist;
				INFOPLIST_KEY_CFBundleDisplayName = Detach;
				LD_RUNPATH_SEARCH_PATHS = (
					"$(inherited)",
					"@executable_path/../Frameworks",
					"@executable_path/../../../../Frameworks",
				);
				MACOSX_DEPLOYMENT_TARGET = 14.0;
				MARKETING_VERSION = 1.3.3;
				PRODUCT_BUNDLE_IDENTIFIER = app.getlazzy.FinderSync;
				PRODUCT_NAME = "$(TARGET_NAME)";
				RUNTIME_EXCEPTION_ALLOW_DYLD_ENVIRONMENT_VARIABLES = NO;
				RUNTIME_EXCEPTION_ALLOW_JIT = NO;
				RUNTIME_EXCEPTION_ALLOW_UNSIGNED_EXECUTABLE_MEMORY = NO;
				RUNTIME_EXCEPTION_DEBUGGING_TOOL = NO;
				RUNTIME_EXCEPTION_DISABLE_EXECUTABLE_PAGE_PROTECTION = NO;
				RUNTIME_EXCEPTION_DISABLE_LIBRARY_VALIDATION = NO;
				SKIP_INSTALL = YES;
				SWIFT_VERSION = 5.0;
			};
			name = Debug;
		};
		A10000000000000000000011 /* Release */ = {
			isa = XCBuildConfiguration;
			buildSettings = {
				APPLICATION_EXTENSION_API_ONLY = YES;
				AUTOMATION_APPLE_EVENTS = NO;
				CODE_SIGN_ENTITLEMENTS = FinderExtension/FinderExtension.entitlements;
				"CODE_SIGN_IDENTITY[sdk=macosx*]" = "Developer ID Application";
				CODE_SIGN_STYLE = Manual;
				CURRENT_PROJECT_VERSION = 7;
				DEVELOPMENT_TEAM = "";
				"DEVELOPMENT_TEAM[sdk=macosx*]" = RZJT39VU7M;
				ENABLE_APP_SANDBOX = YES;
				ENABLE_HARDENED_RUNTIME = YES;
				ENABLE_RESOURCE_ACCESS_AUDIO_INPUT = NO;
				ENABLE_RESOURCE_ACCESS_CALENDARS = NO;
				ENABLE_RESOURCE_ACCESS_CAMERA = NO;
				ENABLE_RESOURCE_ACCESS_CONTACTS = NO;
				ENABLE_RESOURCE_ACCESS_LOCATION = NO;
				ENABLE_RESOURCE_ACCESS_PHOTO_LIBRARY = NO;
				GENERATE_INFOPLIST_FILE = YES;
				INFOPLIST_FILE = FinderExtension/Info.plist;
				INFOPLIST_KEY_CFBundleDisplayName = Detach;
				LD_RUNPATH_SEARCH_PATHS = (
					"$(inherited)",
					"@executable_path/../Frameworks",
					"@executable_path/../../../../Frameworks",
				);
				MACOSX_DEPLOYMENT_TARGET = 14.0;
				MARKETING_VERSION = 1.3.3;
				PRODUCT_BUNDLE_IDENTIFIER = app.getlazzy.FinderSync;
				PRODUCT_NAME = "$(TARGET_NAME)";
				PROVISIONING_PROFILE_SPECIFIER = "";
				RUNTIME_EXCEPTION_ALLOW_DYLD_ENVIRONMENT_VARIABLES = NO;
				RUNTIME_EXCEPTION_ALLOW_JIT = NO;
				RUNTIME_EXCEPTION_ALLOW_UNSIGNED_EXECUTABLE_MEMORY = NO;
				RUNTIME_EXCEPTION_DEBUGGING_TOOL = NO;
				RUNTIME_EXCEPTION_DISABLE_EXECUTABLE_PAGE_PROTECTION = NO;
				RUNTIME_EXCEPTION_DISABLE_LIBRARY_VALIDATION = NO;
				SKIP_INSTALL = YES;
				SWIFT_VERSION = 5.0;
			};
			name = Release;
		};
		F036A8FF2EE2E5BB008B2707 /* Debug */ = {
			isa = XCBuildConfiguration;
			buildSettings = {
				ALWAYS_SEARCH_USER_PATHS = NO;
				ASSETCATALOG_COMPILER_GENERATE_SWIFT_ASSET_SYMBOL_EXTENSIONS = YES;
				CLANG_ANALYZER_NONNULL = YES;
				CLANG_ANALYZER_NUMBER_OBJECT_CONVERSION = YES_AGGRESSIVE;
				CLANG_CXX_LANGUAGE_STANDARD = "gnu++20";
				CLANG_ENABLE_MODULES = YES;
				CLANG_ENABLE_OBJC_ARC = YES;
				CLANG_ENABLE_OBJC_WEAK = YES;
				CLANG_WARN_BLOCK_CAPTURE_AUTORELEASING = YES;
				CLANG_WARN_BOOL_CONVERSION = YES;
				CLANG_WARN_COMMA = YES;
				CLANG_WARN_CONSTANT_CONVERSION = YES;
				CLANG_WARN_DEPRECATED_OBJC_IMPLEMENTATIONS = YES;
				CLANG_WARN_DIRECT_OBJC_ISA_USAGE = YES_ERROR;
				CLANG_WARN_DOCUMENTATION_COMMENTS = YES;
				CLANG_WARN_EMPTY_BODY = YES;
				CLANG_WARN_ENUM_CONVERSION = YES;
				CLANG_WARN_INFINITE_RECURSION = YES;
				CLANG_WARN_INT_CONVERSION = YES;
				CLANG_WARN_NON_LITERAL_NULL_CONVERSION = YES;
				CLANG_WARN_OBJC_IMPLICIT_RETAIN_SELF = YES;
				CLANG_WARN_OBJC_LITERAL_CONVERSION = YES;
				CLANG_WARN_OBJC_ROOT_CLASS = YES_ERROR;
				CLANG_WARN_QUOTED_INCLUDE_IN_FRAMEWORK_HEADER = YES;
				CLANG_WARN_RANGE_LOOP_ANALYSIS = YES;
				CLANG_WARN_STRICT_PROTOTYPES = YES;
				CLANG_WARN_SUSPICIOUS_MOVE = YES;
				CLANG_WARN_UNGUARDED_AVAILABILITY = YES_AGGRESSIVE;
				CLANG_WARN_UNREACHABLE_CODE = YES;
				CLANG_WARN__DUPLICATE_METHOD_MATCH = YES;
				COPY_PHASE_STRIP = NO;
				DEBUG_INFORMATION_FORMAT = dwarf;
				DEVELOPMENT_TEAM = RZJT39VU7M;
				ENABLE_STRICT_OBJC_MSGSEND = YES;
				ENABLE_TESTABILITY = YES;
				ENABLE_USER_SCRIPT_SANDBOXING = YES;
				GCC_C_LANGUAGE_STANDARD = gnu17;
				GCC_DYNAMIC_NO_PIC = NO;
				GCC_NO_COMMON_BLOCKS = YES;
				GCC_OPTIMIZATION_LEVEL = 0;
				GCC_PREPROCESSOR_DEFINITIONS = (
					"DEBUG=1",
					"$(inherited)",
				);
				GCC_WARN_64_TO_32_BIT_CONVERSION = YES;
				GCC_WARN_ABOUT_RETURN_TYPE = YES_ERROR;
				GCC_WARN_UNDECLARED_SELECTOR = YES;
				GCC_WARN_UNINITIALIZED_AUTOS = YES_AGGRESSIVE;
				GCC_WARN_UNUSED_FUNCTION = YES;
				GCC_WARN_UNUSED_VARIABLE = YES;
				LOCALIZATION_PREFERS_STRING_CATALOGS = YES;
				MACOSX_DEPLOYMENT_TARGET = 26.0;
				MTL_ENABLE_DEBUG_INFO = INCLUDE_SOURCE;
				MTL_FAST_MATH = YES;
				ONLY_ACTIVE_ARCH = YES;
				SDKROOT = macosx;
				SWIFT_ACTIVE_COMPILATION_CONDITIONS = "DEBUG $(inherited)";
				SWIFT_OPTIMIZATION_LEVEL = "-Onone";
			};
			name = Debug;
		};
		F036A9002EE2E5BB008B2707 /* Release */ = {
			isa = XCBuildConfiguration;
			buildSettings = {
				ALWAYS_SEARCH_USER_PATHS = NO;
				ASSETCATALOG_COMPILER_GENERATE_SWIFT_ASSET_SYMBOL_EXTENSIONS = YES;
				CLANG_ANALYZER_NONNULL = YES;
				CLANG_ANALYZER_NUMBER_OBJECT_CONVERSION = YES_AGGRESSIVE;
				CLANG_CXX_LANGUAGE_STANDARD = "gnu++20";
				CLANG_ENABLE_MODULES = YES;
				CLANG_ENABLE_OBJC_ARC = YES;
				CLANG_ENABLE_OBJC_WEAK = YES;
				CLANG_WARN_BLOCK_CAPTURE_AUTORELEASING = YES;
				CLANG_WARN_BOOL_CONVERSION = YES;
				CLANG_WARN_COMMA = YES;
				CLANG_WARN_CONSTANT_CONVERSION = YES;
				CLANG_WARN_DEPRECATED_OBJC_IMPLEMENTATIONS = YES;
				CLANG_WARN_DIRECT_OBJC_ISA_USAGE = YES_ERROR;
				CLANG_WARN_DOCUMENTATION_COMMENTS = YES;
				CLANG_WARN_EMPTY_BODY = YES;
				CLANG_WARN_ENUM_CONVERSION = YES;
				CLANG_WARN_INFINITE_RECURSION = YES;
				CLANG_WARN_INT_CONVERSION = YES;
				CLANG_WARN_NON_LITERAL_NULL_CONVERSION = YES;
				CLANG_WARN_OBJC_IMPLICIT_RETAIN_SELF = YES;
				CLANG_WARN_OBJC_LITERAL_CONVERSION = YES;
				CLANG_WARN_OBJC_ROOT_CLASS = YES_ERROR;
				CLANG_WARN_QUOTED_INCLUDE_IN_FRAMEWORK_HEADER = YES;
				CLANG_WARN_RANGE_LOOP_ANALYSIS = YES;
				CLANG_WARN_STRICT_PROTOTYPES = YES;
				CLANG_WARN_SUSPICIOUS_MOVE = YES;
				CLANG_WARN_UNGUARDED_AVAILABILITY = YES_AGGRESSIVE;
				CLANG_WARN_UNREACHABLE_CODE = YES;
				CLANG_WARN__DUPLICATE_METHOD_MATCH = YES;
				COPY_PHASE_STRIP = NO;
				DEBUG_INFORMATION_FORMAT = "dwarf-with-dsym";
				DEVELOPMENT_TEAM = RZJT39VU7M;
				ENABLE_NS_ASSERTIONS = NO;
				ENABLE_STRICT_OBJC_MSGSEND = YES;
				ENABLE_USER_SCRIPT_SANDBOXING = YES;
				GCC_C_LANGUAGE_STANDARD = gnu17;
				GCC_NO_COMMON_BLOCKS = YES;
				GCC_WARN_64_TO_32_BIT_CONVERSION = YES;
				GCC_WARN_ABOUT_RETURN_TYPE = YES_ERROR;
				GCC_WARN_UNDECLARED_SELECTOR = YES;
				GCC_WARN_UNINITIALIZED_AUTOS = YES_AGGRESSIVE;
				GCC_WARN_UNUSED_FUNCTION = YES;
				GCC_WARN_UNUSED_VARIABLE = YES;
				LOCALIZATION_PREFERS_STRING_CATALOGS = YES;
				MACOSX_DEPLOYMENT_TARGET = 26.0;
				MTL_ENABLE_DEBUG_INFO = NO;
				MTL_FAST_MATH = YES;
				SDKROOT = macosx;
				SWIFT_COMPILATION_MODE = wholemodule;
			};
			name = Release;
		};
		F036A9022EE2E5BB008B2707 /* Debug */ = {
			isa = XCBuildConfiguration;
			buildSettings = {
				ASSETCATALOG_COMPILER_APPICON_NAME = appIcon;
				ASSETCATALOG_COMPILER_GLOBAL_ACCENT_COLOR_NAME = AccentColor;
				ASSETCATALOG_COMPILER_INCLUDE_ALL_APPICON_ASSETS = YES;
				AUTOMATION_APPLE_EVENTS = NO;
				"CODE_SIGN_IDENTITY[sdk=macosx*]" = "Apple Development";
				CODE_SIGN_STYLE = Automatic;
				COMBINE_HIDPI_IMAGES = YES;
				CURRENT_PROJECT_VERSION = 7;
				DEVELOPMENT_TEAM = RZJT39VU7M;
				ENABLE_APP_SANDBOX = NO;
				ENABLE_HARDENED_RUNTIME = YES;
				ENABLE_USER_SCRIPT_SANDBOXING = NO;
				ENABLE_PREVIEWS = YES;
				ENABLE_RESOURCE_ACCESS_AUDIO_INPUT = YES;
				ENABLE_RESOURCE_ACCESS_CALENDARS = NO;
				ENABLE_RESOURCE_ACCESS_CAMERA = NO;
				ENABLE_RESOURCE_ACCESS_CONTACTS = NO;
				ENABLE_RESOURCE_ACCESS_LOCATION = NO;
				ENABLE_RESOURCE_ACCESS_PHOTO_LIBRARY = NO;
				GENERATE_INFOPLIST_FILE = YES;
				INFOPLIST_FILE = lazzy/Info.plist;
				INFOPLIST_KEY_CFBundleDisplayName = Detach;
				INFOPLIST_KEY_LSApplicationCategoryType = "public.app-category.productivity";
				INFOPLIST_KEY_LSUIElement = YES;
				INFOPLIST_KEY_NSAppleEventsUsageDescription = "This app needs to control Finder to detect selected files.";
				INFOPLIST_KEY_NSMicrophoneUsageDescription = "Detach uses the microphone only while voice input is active in the composer.";
				INFOPLIST_KEY_NSHumanReadableCopyright = "";
				LD_RUNPATH_SEARCH_PATHS = (
					"$(inherited)",
					"@executable_path/../Frameworks",
				);
				MACOSX_DEPLOYMENT_TARGET = 14.0;
				MARKETING_VERSION = 1.3.3;
				PRODUCT_BUNDLE_IDENTIFIER = app.getlazzy;
				PRODUCT_NAME = Detach;
				REGISTER_APP_GROUPS = YES;
				RUNTIME_EXCEPTION_ALLOW_DYLD_ENVIRONMENT_VARIABLES = NO;
				RUNTIME_EXCEPTION_ALLOW_JIT = YES;
				RUNTIME_EXCEPTION_ALLOW_UNSIGNED_EXECUTABLE_MEMORY = YES;
				RUNTIME_EXCEPTION_DEBUGGING_TOOL = NO;
				RUNTIME_EXCEPTION_DISABLE_EXECUTABLE_PAGE_PROTECTION = NO;
				RUNTIME_EXCEPTION_DISABLE_LIBRARY_VALIDATION = NO;
				STRING_CATALOG_GENERATE_SYMBOLS = YES;
				SWIFT_APPROACHABLE_CONCURRENCY = YES;
				SWIFT_DEFAULT_ACTOR_ISOLATION = MainActor;
				SWIFT_EMIT_LOC_STRINGS = YES;
				SWIFT_UPCOMING_FEATURE_MEMBER_IMPORT_VISIBILITY = YES;
				SWIFT_VERSION = 5.0;
			};
			name = Debug;
		};
		F036A9032EE2E5BB008B2707 /* Release */ = {
			isa = XCBuildConfiguration;
			buildSettings = {
				ASSETCATALOG_COMPILER_APPICON_NAME = appIcon;
				ASSETCATALOG_COMPILER_GLOBAL_ACCENT_COLOR_NAME = AccentColor;
				ASSETCATALOG_COMPILER_INCLUDE_ALL_APPICON_ASSETS = YES;
				AUTOMATION_APPLE_EVENTS = NO;
				"CODE_SIGN_IDENTITY[sdk=macosx*]" = "Developer ID Application";
				CODE_SIGN_STYLE = Manual;
				COMBINE_HIDPI_IMAGES = YES;
				CURRENT_PROJECT_VERSION = 7;
				DEVELOPMENT_TEAM = "";
				"DEVELOPMENT_TEAM[sdk=macosx*]" = RZJT39VU7M;
				ENABLE_APP_SANDBOX = NO;
				ENABLE_HARDENED_RUNTIME = YES;
				ENABLE_USER_SCRIPT_SANDBOXING = NO;
				ENABLE_PREVIEWS = YES;
				ENABLE_RESOURCE_ACCESS_AUDIO_INPUT = YES;
				ENABLE_RESOURCE_ACCESS_CALENDARS = NO;
				ENABLE_RESOURCE_ACCESS_CAMERA = NO;
				ENABLE_RESOURCE_ACCESS_CONTACTS = NO;
				ENABLE_RESOURCE_ACCESS_LOCATION = NO;
				ENABLE_RESOURCE_ACCESS_PHOTO_LIBRARY = NO;
				GENERATE_INFOPLIST_FILE = YES;
				INFOPLIST_FILE = lazzy/Info.plist;
				INFOPLIST_KEY_CFBundleDisplayName = Detach;
				INFOPLIST_KEY_LSApplicationCategoryType = "public.app-category.productivity";
				INFOPLIST_KEY_LSUIElement = YES;
				INFOPLIST_KEY_NSAppleEventsUsageDescription = "This app needs to control Finder to detect selected files.";
				INFOPLIST_KEY_NSMicrophoneUsageDescription = "Detach uses the microphone only while voice input is active in the composer.";
				INFOPLIST_KEY_NSHumanReadableCopyright = "";
				LD_RUNPATH_SEARCH_PATHS = (
					"$(inherited)",
					"@executable_path/../Frameworks",
				);
				MACOSX_DEPLOYMENT_TARGET = 14.0;
				MARKETING_VERSION = 1.3.3;
				PRODUCT_BUNDLE_IDENTIFIER = app.getlazzy;
				PRODUCT_NAME = Detach;
				PROVISIONING_PROFILE_SPECIFIER = "";
				REGISTER_APP_GROUPS = YES;
				RUNTIME_EXCEPTION_ALLOW_DYLD_ENVIRONMENT_VARIABLES = NO;
				RUNTIME_EXCEPTION_ALLOW_JIT = YES;
				RUNTIME_EXCEPTION_ALLOW_UNSIGNED_EXECUTABLE_MEMORY = YES;
				RUNTIME_EXCEPTION_DEBUGGING_TOOL = NO;
				RUNTIME_EXCEPTION_DISABLE_EXECUTABLE_PAGE_PROTECTION = NO;
				RUNTIME_EXCEPTION_DISABLE_LIBRARY_VALIDATION = NO;
				STRING_CATALOG_GENERATE_SYMBOLS = YES;
				SWIFT_APPROACHABLE_CONCURRENCY = YES;
				SWIFT_DEFAULT_ACTOR_ISOLATION = MainActor;
				SWIFT_EMIT_LOC_STRINGS = YES;
				SWIFT_UPCOMING_FEATURE_MEMBER_IMPORT_VISIBILITY = YES;
				SWIFT_VERSION = 5.0;
			};
			name = Release;
		};
/* End XCBuildConfiguration section */

/* Begin XCConfigurationList section */
		A10000000000000000000012 /* Build configuration list for PBXNativeTarget "Detach Finder Extension" */ = {
			isa = XCConfigurationList;
			buildConfigurations = (
				A10000000000000000000010 /* Debug */,
				A10000000000000000000011 /* Release */,
			);
			defaultConfigurationIsVisible = 0;
			defaultConfigurationName = Release;
		};
		F036A8EC2EE2E5BA008B2707 /* Build configuration list for PBXProject "detach" */ = {
			isa = XCConfigurationList;
			buildConfigurations = (
				F036A8FF2EE2E5BB008B2707 /* Debug */,
				F036A9002EE2E5BB008B2707 /* Release */,
			);
			defaultConfigurationIsVisible = 0;
			defaultConfigurationName = Release;
		};
		F036A9012EE2E5BB008B2707 /* Build configuration list for PBXNativeTarget "detach" */ = {
			isa = XCConfigurationList;
			buildConfigurations = (
				F036A9022EE2E5BB008B2707 /* Debug */,
				F036A9032EE2E5BB008B2707 /* Release */,
			);
			defaultConfigurationIsVisible = 0;
			defaultConfigurationName = Release;
		};
/* End XCConfigurationList section */

/* Begin XCRemoteSwiftPackageReference section */
		F00C73562EED1EDD008F30AE /* XCRemoteSwiftPackageReference "swift-markdown-ui" */ = {
			isa = XCRemoteSwiftPackageReference;
			repositoryURL = "https://github.com/gonzalezreal/swift-markdown-ui";
			requirement = {
				kind = upToNextMajorVersion;
				minimumVersion = 2.4.1;
			};
		};
		F020BDBB2F03D1CC009B02B3 /* XCRemoteSwiftPackageReference "Sparkle" */ = {
			isa = XCRemoteSwiftPackageReference;
			repositoryURL = "https://github.com/sparkle-project/Sparkle";
			requirement = {
				kind = upToNextMajorVersion;
				minimumVersion = 2.8.1;
			};
		};
		F0B25E572EFA6054006069CD /* XCRemoteSwiftPackageReference "supabase-swift" */ = {
			isa = XCRemoteSwiftPackageReference;
			repositoryURL = "https://github.com/supabase/supabase-swift";
			requirement = {
				kind = upToNextMajorVersion;
				minimumVersion = 2.5.1;
			};
		};
		F0FE06E02EF7FEAF006C04D2 /* XCRemoteSwiftPackageReference "SDWebImageSVGCoder" */ = {
			isa = XCRemoteSwiftPackageReference;
			repositoryURL = "https://github.com/SDWebImage/SDWebImageSVGCoder";
			requirement = {
				kind = upToNextMajorVersion;
				minimumVersion = 1.8.0;
			};
		};
		F0FE06E32EF7FEC9006C04D2 /* XCRemoteSwiftPackageReference "SDWebImageSwiftUI" */ = {
			isa = XCRemoteSwiftPackageReference;
			repositoryURL = "https://github.com/SDWebImage/SDWebImageSwiftUI";
			requirement = {
				kind = upToNextMajorVersion;
				minimumVersion = 3.1.4;
			};
		};
		F10000000000000000000001 /* XCRemoteSwiftPackageReference "argmax-oss-swift" */ = {
			isa = XCRemoteSwiftPackageReference;
			repositoryURL = "https://github.com/argmaxinc/argmax-oss-swift";
			requirement = {
				kind = upToNextMajorVersion;
				minimumVersion = 1.0.0;
			};
		};
/* End XCRemoteSwiftPackageReference section */

/* Begin XCSwiftPackageProductDependency section */
		F000F4182EFA6D0200FB9D42 /* Supabase */ = {
			isa = XCSwiftPackageProductDependency;
			package = F0B25E572EFA6054006069CD /* XCRemoteSwiftPackageReference "supabase-swift" */;
			productName = Supabase;
		};
		F00C73572EED1EDD008F30AE /* MarkdownUI */ = {
			isa = XCSwiftPackageProductDependency;
			package = F00C73562EED1EDD008F30AE /* XCRemoteSwiftPackageReference "swift-markdown-ui" */;
			productName = MarkdownUI;
		};
		F020BDBC2F03D1CC009B02B3 /* Sparkle */ = {
			isa = XCSwiftPackageProductDependency;
			package = F020BDBB2F03D1CC009B02B3 /* XCRemoteSwiftPackageReference "Sparkle" */;
			productName = Sparkle;
		};
		F07367C42F2F431200EA9FBD /* Realtime */ = {
			isa = XCSwiftPackageProductDependency;
			package = F0B25E572EFA6054006069CD /* XCRemoteSwiftPackageReference "supabase-swift" */;
			productName = Realtime;
		};
		F0B25E582EFA6054006069CD /* Auth */ = {
			isa = XCSwiftPackageProductDependency;
			package = F0B25E572EFA6054006069CD /* XCRemoteSwiftPackageReference "supabase-swift" */;
			productName = Auth;
		};
		F0FE06E12EF7FEAF006C04D2 /* SDWebImageSVGCoder */ = {
			isa = XCSwiftPackageProductDependency;
			package = F0FE06E02EF7FEAF006C04D2 /* XCRemoteSwiftPackageReference "SDWebImageSVGCoder" */;
			productName = SDWebImageSVGCoder;
		};
		F0FE06E42EF7FEC9006C04D2 /* SDWebImageSwiftUI */ = {
			isa = XCSwiftPackageProductDependency;
			package = F0FE06E32EF7FEC9006C04D2 /* XCRemoteSwiftPackageReference "SDWebImageSwiftUI" */;
			productName = SDWebImageSwiftUI;
		};
		F10000000000000000000003 /* WhisperKit */ = {
			isa = XCSwiftPackageProductDependency;
			package = F10000000000000000000001 /* XCRemoteSwiftPackageReference "argmax-oss-swift" */;
			productName = WhisperKit;
		};
/* End XCSwiftPackageProductDependency section */
	};
	rootObject = F036A8E92EE2E5BA008B2707 /* Project object */;
}
